{
  "name": "updater",
  "version": "1.0.0",
  "lockfileVersion": 3,
  "requires": true,
  "packages": {
    "": {
      "name": "updater",
      "version": "1.0.0",
      "license": "ISC",
      "dependencies": {
        "badgetable": "^1.2.3"
      }
    },
    "node_modules/badgetable": {
      "version": "1.2.3",
      "resolved": "https://registry.npmjs.org/badgetable/-/badgetable-1.2.3.tgz",
      "integrity": "sha512-1vwOZKgOC5K2+t+rti+hEZ+H/qfnWRVvEBrmsYy4wlJV7R1lv1WATkglEKj9Vky1/6uDRUOjzFEJvwxFCglV4Q==",
      "license": "MIT"
    }
  }
}
