{
  "name": "updater",
  "version": "1.0.0",
  "lockfileVersion": 3,
  "requires": true,
  "packages": {
    "": {
      "name": "updater",
      "version": "1.0.0",
      "license": "ISC",
      "dependencies": {
        "badgetable": "^1.3.0"
      }
    },
    "node_modules/badgetable": {
      "version": "1.3.0",
      "resolved": "https://registry.npmjs.org/badgetable/-/badgetable-1.3.0.tgz",
      "integrity": "sha512-fbCBoogPCcmowjn2GWhK08Q0AaopSCN5gSbN3YtKbl5OfquQBrgnvwFoBHJp+K02p15SCUPXfHbmqyY+GZw/hQ==",
      "license": "MIT",
      "engines": {
        "node": ">=16.0.0"
      }
    }
  }
}
