{
  "name": "updater",
  "version": "1.0.0",
  "lockfileVersion": 3,
  "requires": true,
  "packages": {
    "": {
      "name": "updater",
      "version": "1.0.0",
      "license": "ISC",
      "dependencies": {
        "badgetable": "^1.2.1"
      }
    },
    "node_modules/badgetable": {
      "version": "1.2.1",
      "resolved": "https://registry.npmjs.org/badgetable/-/badgetable-1.2.1.tgz",
      "integrity": "sha512-+eS1igyvESH1RBieabgzBZEV1gFFeS+c75xjCgOX/jOUvkwBSSmvyl6eulrunKavHPXf+miZfc6H48uKugTnnQ==",
      "license": "MIT"
    }
  }
}
